// !$*UTF8*$!
{
	archiveVersion = 1;
	classes = {
	};
	objectVersion = 46;
	objects = {

/* Begin PBXBuildFile section */
		847F70A216BE3EB90015C5DA /* icon57x57.png in Resources */ = {isa = PBXBuildFile; fileRef = 847F70A116BE3EB90015C5DA /* icon57x57.png */; };
		847F70A416BE3EC00015C5DA /* icon114x114.png in Resources */ = {isa = PBXBuildFile; fileRef = 847F70A316BE3EC00015C5DA /* icon114x114.png */; };
		8D07C1D916B223B900690C0C /* MECustomTabBar.xib in Resources */ = {isa = PBXBuildFile; fileRef = 8D07C1D816B223B900690C0C /* MECustomTabBar.xib */; };
		8D07C1FC16B264EF00690C0C /* KTNavigationBar.m in Sources */ = {isa = PBXBuildFile; fileRef = 8D07C1F916B264EF00690C0C /* KTNavigationBar.m */; };
		8D9398C816AF8F420039AEF7 /* icon_add_contact.png in Resources */ = {isa = PBXBuildFile; fileRef = 8D9398AF16AF8F420039AEF7 /* icon_add_contact.png */; };
		8D9398C916AF8F420039AEF7 /* icon_add_contact@2x.png in Resources */ = {isa = PBXBuildFile; fileRef = 8D9398B016AF8F420039AEF7 /* icon_add_contact@2x.png */; };
		8D9398CA16AF8F420039AEF7 /* icon_contacts_selected.png in Resources */ = {isa = PBXBuildFile; fileRef = 8D9398B116AF8F420039AEF7 /* icon_contacts_selected.png */; };
		8D9398CB16AF8F420039AEF7 /* icon_contacts_selected@2x.png in Resources */ = {isa = PBXBuildFile; fileRef = 8D9398B216AF8F420039AEF7 /* icon_contacts_selected@2x.png */; };
		8D9398CC16AF8F420039AEF7 /* icon_contacts.png in Resources */ = {isa = PBXBuildFile; fileRef = 8D9398B316AF8F420039AEF7 /* icon_contacts.png */; };
		8D9398CD16AF8F420039AEF7 /* icon_contacts@2x.png in Resources */ = {isa = PBXBuildFile; fileRef = 8D9398B416AF8F420039AEF7 /* icon_contacts@2x.png */; };
		8D9398CE16AF8F420039AEF7 /* icon_dislike.png in Resources */ = {isa = PBXBuildFile; fileRef = 8D9398B516AF8F420039AEF7 /* icon_dislike.png */; };
		8D9398CF16AF8F420039AEF7 /* icon_dislike@2x.png in Resources */ = {isa = PBXBuildFile; fileRef = 8D9398B616AF8F420039AEF7 /* icon_dislike@2x.png */; };
		8D9398D016AF8F420039AEF7 /* icon_email.png in Resources */ = {isa = PBXBuildFile; fileRef = 8D9398B716AF8F420039AEF7 /* icon_email.png */; };
		8D9398D116AF8F420039AEF7 /* icon_email@2x.png in Resources */ = {isa = PBXBuildFile; fileRef = 8D9398B816AF8F420039AEF7 /* icon_email@2x.png */; };
		8D9398D216AF8F420039AEF7 /* icon_info_selected.png in Resources */ = {isa = PBXBuildFile; fileRef = 8D9398B916AF8F420039AEF7 /* icon_info_selected.png */; };
		8D9398D316AF8F420039AEF7 /* icon_info_selected@2x.png in Resources */ = {isa = PBXBuildFile; fileRef = 8D9398BA16AF8F420039AEF7 /* icon_info_selected@2x.png */; };
		8D9398D416AF8F420039AEF7 /* icon_info.png in Resources */ = {isa = PBXBuildFile; fileRef = 8D9398BB16AF8F420039AEF7 /* icon_info.png */; };
		8D9398D516AF8F420039AEF7 /* icon_info@2x.png in Resources */ = {isa = PBXBuildFile; fileRef = 8D9398BC16AF8F420039AEF7 /* icon_info@2x.png */; };
		8D9398D616AF8F420039AEF7 /* icon_like.png in Resources */ = {isa = PBXBuildFile; fileRef = 8D9398BD16AF8F420039AEF7 /* icon_like.png */; };
		8D9398D716AF8F420039AEF7 /* icon_like@2x.png in Resources */ = {isa = PBXBuildFile; fileRef = 8D9398BE16AF8F420039AEF7 /* icon_like@2x.png */; };
		8D9398D816AF8F420039AEF7 /* icon_profile.png in Resources */ = {isa = PBXBuildFile; fileRef = 8D9398BF16AF8F420039AEF7 /* icon_profile.png */; };
		8D9398D916AF8F420039AEF7 /* icon_profile@2x.png in Resources */ = {isa = PBXBuildFile; fileRef = 8D9398C016AF8F420039AEF7 /* icon_profile@2x.png */; };
		8D9398DA16AF8F420039AEF7 /* icon_sms.png in Resources */ = {isa = PBXBuildFile; fileRef = 8D9398C116AF8F420039AEF7 /* icon_sms.png */; };
		8D9398DB16AF8F420039AEF7 /* icon_sms@2x.png in Resources */ = {isa = PBXBuildFile; fileRef = 8D9398C216AF8F420039AEF7 /* icon_sms@2x.png */; };
		8D9398DC16AF8F420039AEF7 /* icon_star.png in Resources */ = {isa = PBXBuildFile; fileRef = 8D9398C316AF8F420039AEF7 /* icon_star.png */; };
		8D9398DD16AF8F420039AEF7 /* icon_star@2x.png in Resources */ = {isa = PBXBuildFile; fileRef = 8D9398C416AF8F420039AEF7 /* icon_star@2x.png */; };
		8D9398DE16AF8F420039AEF7 /* middle_button.png in Resources */ = {isa = PBXBuildFile; fileRef = 8D9398C516AF8F420039AEF7 /* middle_button.png */; };
		8D9398DF16AF8F420039AEF7 /* middle_button@2x.png in Resources */ = {isa = PBXBuildFile; fileRef = 8D9398C616AF8F420039AEF7 /* middle_button@2x.png */; };
		8D9398E016AF8F420039AEF7 /* star.png in Resources */ = {isa = PBXBuildFile; fileRef = 8D9398C716AF8F420039AEF7 /* star.png */; };
		8D9398E616AFA47A0039AEF7 /* icon_back.png in Resources */ = {isa = PBXBuildFile; fileRef = 8D9398E416AFA47A0039AEF7 /* icon_back.png */; };
		8D9398E716AFA47A0039AEF7 /* icon_back@2x.png in Resources */ = {isa = PBXBuildFile; fileRef = 8D9398E516AFA47A0039AEF7 /* icon_back@2x.png */; };
		8D97C39716B7629B00FC6A9D /* MECustomTabBarController.m in Sources */ = {isa = PBXBuildFile; fileRef = 8D97C38E16B7629A00FC6A9D /* MECustomTabBarController.m */; };
		8D97C39816B7629B00FC6A9D /* MEInfoViewController.m in Sources */ = {isa = PBXBuildFile; fileRef = 8D97C39016B7629B00FC6A9D /* MEInfoViewController.m */; };
		8D97C39916B7629B00FC6A9D /* MEStaffDetailsTableViewController.m in Sources */ = {isa = PBXBuildFile; fileRef = 8D97C39216B7629B00FC6A9D /* MEStaffDetailsTableViewController.m */; };
		8D97C39A16B7629B00FC6A9D /* MEStaffTableViewController.m in Sources */ = {isa = PBXBuildFile; fileRef = 8D97C39416B7629B00FC6A9D /* MEStaffTableViewController.m */; };
		8D97C3A216B762B100FC6A9D /* MEAppAPIClient.m in Sources */ = {isa = PBXBuildFile; fileRef = 8D97C39D16B762B100FC6A9D /* MEAppAPIClient.m */; };
		8D97C3A416B762B100FC6A9D /* MEPerson.m in Sources */ = {isa = PBXBuildFile; fileRef = 8D97C3A116B762B100FC6A9D /* MEPerson.m */; };
		8D97C3AB16B762CB00FC6A9D /* MECustomTabBarView.m in Sources */ = {isa = PBXBuildFile; fileRef = 8D97C3A616B762CB00FC6A9D /* MECustomTabBarView.m */; };
		8D97C3AC16B762CB00FC6A9D /* MEStaffCustomViewCell.m in Sources */ = {isa = PBXBuildFile; fileRef = 8D97C3A816B762CB00FC6A9D /* MEStaffCustomViewCell.m */; };
		8D97C3AD16B762CB00FC6A9D /* MEStaffDetailsCustomViewCell.m in Sources */ = {isa = PBXBuildFile; fileRef = 8D97C3AA16B762CB00FC6A9D /* MEStaffDetailsCustomViewCell.m */; };
		8D97C3E716B7802700FC6A9D /* Default-568h@2x.png in Resources */ = {isa = PBXBuildFile; fileRef = 8D97C3E416B7802700FC6A9D /* Default-568h@2x.png */; };
		8D97C3E816B7802700FC6A9D /* Default.png in Resources */ = {isa = PBXBuildFile; fileRef = 8D97C3E516B7802700FC6A9D /* Default.png */; };
		8D97C3E916B7802700FC6A9D /* Default@2x.png in Resources */ = {isa = PBXBuildFile; fileRef = 8D97C3E616B7802700FC6A9D /* Default@2x.png */; };
		8D97C3F016B7A19500FC6A9D /* MECustomAnimation.m in Sources */ = {isa = PBXBuildFile; fileRef = 8D97C3EF16B7A19500FC6A9D /* MECustomAnimation.m */; };
		8D97C3F816B7D3A600FC6A9D /* MEConstants.m in Sources */ = {isa = PBXBuildFile; fileRef = 8D97C3F216B7C66000FC6A9D /* MEConstants.m */; };
		8D994EA416B0F6330049E709 /* AddressBook.framework in Frameworks */ = {isa = PBXBuildFile; fileRef = 8D994EA216B0F6330049E709 /* AddressBook.framework */; };
		8D994EA516B0F6330049E709 /* AddressBookUI.framework in Frameworks */ = {isa = PBXBuildFile; fileRef = 8D994EA316B0F6330049E709 /* AddressBookUI.framework */; };
		8D994EA716B11E100049E709 /* MessageUI.framework in Frameworks */ = {isa = PBXBuildFile; fileRef = 8D994EA616B11E100049E709 /* MessageUI.framework */; };
		8D994EB616B147520049E709 /* ZHCustomSegue.m in Sources */ = {isa = PBXBuildFile; fileRef = 8D994EB516B147520049E709 /* ZHCustomSegue.m */; };
		8D9C2C5E16AEA227008D9101 /* UIScrollView+SVInfiniteScrolling.m in Sources */ = {isa = PBXBuildFile; fileRef = 8D9C2C5B16AEA227008D9101 /* UIScrollView+SVInfiniteScrolling.m */; };
		8D9C2C5F16AEA227008D9101 /* UIScrollView+SVPullToRefresh.m in Sources */ = {isa = PBXBuildFile; fileRef = 8D9C2C5D16AEA227008D9101 /* UIScrollView+SVPullToRefresh.m */; };
		8D9C2C6116AEA361008D9101 /* QuartzCore.framework in Frameworks */ = {isa = PBXBuildFile; fileRef = 8D9C2C6016AEA361008D9101 /* QuartzCore.framework */; };
		8DA81DC216B6923D00A04062 /* MyriadPro-Regular.otf in Resources */ = {isa = PBXBuildFile; fileRef = 8DA81DC116B6923D00A04062 /* MyriadPro-Regular.otf */; };
		8DB5C38616ACE7FD008D5E02 /* UIKit.framework in Frameworks */ = {isa = PBXBuildFile; fileRef = 8DB5C38516ACE7FD008D5E02 /* UIKit.framework */; };
		8DB5C38816ACE7FD008D5E02 /* Foundation.framework in Frameworks */ = {isa = PBXBuildFile; fileRef = 8DB5C38716ACE7FD008D5E02 /* Foundation.framework */; };
		8DB5C38A16ACE7FD008D5E02 /* CoreGraphics.framework in Frameworks */ = {isa = PBXBuildFile; fileRef = 8DB5C38916ACE7FD008D5E02 /* CoreGraphics.framework */; };
		8DB5C39016ACE7FD008D5E02 /* InfoPlist.strings in Resources */ = {isa = PBXBuildFile; fileRef = 8DB5C38E16ACE7FD008D5E02 /* InfoPlist.strings */; };
		8DB5C39216ACE7FD008D5E02 /* main.m in Sources */ = {isa = PBXBuildFile; fileRef = 8DB5C39116ACE7FD008D5E02 /* main.m */; };
		8DB5C39616ACE7FD008D5E02 /* MEAppDelegate.m in Sources */ = {isa = PBXBuildFile; fileRef = 8DB5C39516ACE7FD008D5E02 /* MEAppDelegate.m */; };
		8DB5C39F16ACE7FD008D5E02 /* MainStoryboard_iPhone.storyboard in Resources */ = {isa = PBXBuildFile; fileRef = 8DB5C39D16ACE7FD008D5E02 /* MainStoryboard_iPhone.storyboard */; };
		8DB5C3A216ACE7FD008D5E02 /* MainStoryboard_iPad.storyboard in Resources */ = {isa = PBXBuildFile; fileRef = 8DB5C3A016ACE7FD008D5E02 /* MainStoryboard_iPad.storyboard */; };
		8DB5C3D816ACE8C0008D5E02 /* AFHTTPClient.m in Sources */ = {isa = PBXBuildFile; fileRef = 8DB5C3BB16ACE8C0008D5E02 /* AFHTTPClient.m */; };
		8DB5C3D916ACE8C0008D5E02 /* AFHTTPRequestOperation.m in Sources */ = {isa = PBXBuildFile; fileRef = 8DB5C3BD16ACE8C0008D5E02 /* AFHTTPRequestOperation.m */; };
		8DB5C3DA16ACE8C0008D5E02 /* AFImageRequestOperation.m in Sources */ = {isa = PBXBuildFile; fileRef = 8DB5C3BF16ACE8C0008D5E02 /* AFImageRequestOperation.m */; };
		8DB5C3DB16ACE8C0008D5E02 /* AFJSONRequestOperation.m in Sources */ = {isa = PBXBuildFile; fileRef = 8DB5C3C116ACE8C0008D5E02 /* AFJSONRequestOperation.m */; };
		8DB5C3DC16ACE8C0008D5E02 /* AFNetworkActivityIndicatorManager.m in Sources */ = {isa = PBXBuildFile; fileRef = 8DB5C3C316ACE8C0008D5E02 /* AFNetworkActivityIndicatorManager.m */; };
		8DB5C3DD16ACE8C0008D5E02 /* AFPropertyListRequestOperation.m in Sources */ = {isa = PBXBuildFile; fileRef = 8DB5C3C616ACE8C0008D5E02 /* AFPropertyListRequestOperation.m */; };
		8DB5C3DE16ACE8C0008D5E02 /* AFURLConnectionOperation.m in Sources */ = {isa = PBXBuildFile; fileRef = 8DB5C3C816ACE8C0008D5E02 /* AFURLConnectionOperation.m */; };
		8DB5C3DF16ACE8C0008D5E02 /* AFXMLRequestOperation.m in Sources */ = {isa = PBXBuildFile; fileRef = 8DB5C3CA16ACE8C0008D5E02 /* AFXMLRequestOperation.m */; };
		8DB5C3E016ACE8C0008D5E02 /* UIImageView+AFNetworking.m in Sources */ = {isa = PBXBuildFile; fileRef = 8DB5C3CC16ACE8C0008D5E02 /* UIImageView+AFNetworking.m */; };
		8DCF7B0816B62E2800CAB040 /* ADLivelyTableView.m in Sources */ = {isa = PBXBuildFile; fileRef = 8DCF7B0716B62E2800CAB040 /* ADLivelyTableView.m */; };
/* End PBXBuildFile section */

/* Begin PBXFileReference section */
		847F70A116BE3EB90015C5DA /* icon57x57.png */ = {isa = PBXFileReference; lastKnownFileType = image.png; name = icon57x57.png; path = ../../icon57x57.png; sourceTree = "<group>"; };
		847F70A316BE3EC00015C5DA /* icon114x114.png */ = {isa = PBXFileReference; lastKnownFileType = image.png; name = icon114x114.png; path = ../../icon114x114.png; sourceTree = "<group>"; };
		8D07C1D816B223B900690C0C /* MECustomTabBar.xib */ = {isa = PBXFileReference; fileEncoding = 4; lastKnownFileType = file.xib; name = MECustomTabBar.xib; path = XIBs/MECustomTabBar.xib; sourceTree = "<group>"; };
		8D07C1F816B264EF00690C0C /* KTNavigationBar.h */ = {isa = PBXFileReference; fileEncoding = 4; lastKnownFileType = sourcecode.c.h; path = KTNavigationBar.h; sourceTree = "<group>"; };
		8D07C1F916B264EF00690C0C /* KTNavigationBar.m */ = {isa = PBXFileReference; fileEncoding = 4; lastKnownFileType = sourcecode.c.objc; path = KTNavigationBar.m; sourceTree = "<group>"; };
		8D9398AF16AF8F420039AEF7 /* icon_add_contact.png */ = {isa = PBXFileReference; lastKnownFileType = image.png; path = icon_add_contact.png; sourceTree = "<group>"; };
		8D9398B016AF8F420039AEF7 /* icon_add_contact@2x.png */ = {isa = PBXFileReference; lastKnownFileType = image.png; path = "icon_add_contact@2x.png"; sourceTree = "<group>"; };
		8D9398B116AF8F420039AEF7 /* icon_contacts_selected.png */ = {isa = PBXFileReference; lastKnownFileType = image.png; path = icon_contacts_selected.png; sourceTree = "<group>"; };
		8D9398B216AF8F420039AEF7 /* icon_contacts_selected@2x.png */ = {isa = PBXFileReference; lastKnownFileType = image.png; path = "icon_contacts_selected@2x.png"; sourceTree = "<group>"; };
		8D9398B316AF8F420039AEF7 /* icon_contacts.png */ = {isa = PBXFileReference; lastKnownFileType = image.png; path = icon_contacts.png; sourceTree = "<group>"; };
		8D9398B416AF8F420039AEF7 /* icon_contacts@2x.png */ = {isa = PBXFileReference; lastKnownFileType = image.png; path = "icon_contacts@2x.png"; sourceTree = "<group>"; };
		8D9398B516AF8F420039AEF7 /* icon_dislike.png */ = {isa = PBXFileReference; lastKnownFileType = image.png; path = icon_dislike.png; sourceTree = "<group>"; };
		8D9398B616AF8F420039AEF7 /* icon_dislike@2x.png */ = {isa = PBXFileReference; lastKnownFileType = image.png; path = "icon_dislike@2x.png"; sourceTree = "<group>"; };
		8D9398B716AF8F420039AEF7 /* icon_email.png */ = {isa = PBXFileReference; lastKnownFileType = image.png; path = icon_email.png; sourceTree = "<group>"; };
		8D9398B816AF8F420039AEF7 /* icon_email@2x.png */ = {isa = PBXFileReference; lastKnownFileType = image.png; path = "icon_email@2x.png"; sourceTree = "<group>"; };
		8D9398B916AF8F420039AEF7 /* icon_info_selected.png */ = {isa = PBXFileReference; lastKnownFileType = image.png; path = icon_info_selected.png; sourceTree = "<group>"; };
		8D9398BA16AF8F420039AEF7 /* icon_info_selected@2x.png */ = {isa = PBXFileReference; lastKnownFileType = image.png; path = "icon_info_selected@2x.png"; sourceTree = "<group>"; };
		8D9398BB16AF8F420039AEF7 /* icon_info.png */ = {isa = PBXFileReference; lastKnownFileType = image.png; path = icon_info.png; sourceTree = "<group>"; };
		8D9398BC16AF8F420039AEF7 /* icon_info@2x.png */ = {isa = PBXFileReference; lastKnownFileType = image.png; path = "icon_info@2x.png"; sourceTree = "<group>"; };
		8D9398BD16AF8F420039AEF7 /* icon_like.png */ = {isa = PBXFileReference; lastKnownFileType = image.png; path = icon_like.png; sourceTree = "<group>"; };
		8D9398BE16AF8F420039AEF7 /* icon_like@2x.png */ = {isa = PBXFileReference; lastKnownFileType = image.png; path = "icon_like@2x.png"; sourceTree = "<group>"; };
		8D9398BF16AF8F420039AEF7 /* icon_profile.png */ = {isa = PBXFileReference; lastKnownFileType = image.png; path = icon_profile.png; sourceTree = "<group>"; };
		8D9398C016AF8F420039AEF7 /* icon_profile@2x.png */ = {isa = PBXFileReference; lastKnownFileType = image.png; path = "icon_profile@2x.png"; sourceTree = "<group>"; };
		8D9398C116AF8F420039AEF7 /* icon_sms.png */ = {isa = PBXFileReference; lastKnownFileType = image.png; path = icon_sms.png; sourceTree = "<group>"; };
		8D9398C216AF8F420039AEF7 /* icon_sms@2x.png */ = {isa = PBXFileReference; lastKnownFileType = image.png; path = "icon_sms@2x.png"; sourceTree = "<group>"; };
		8D9398C316AF8F420039AEF7 /* icon_star.png */ = {isa = PBXFileReference; lastKnownFileType = image.png; path = icon_star.png; sourceTree = "<group>"; };
		8D9398C416AF8F420039AEF7 /* icon_star@2x.png */ = {isa = PBXFileReference; lastKnownFileType = image.png; path = "icon_star@2x.png"; sourceTree = "<group>"; };
		8D9398C516AF8F420039AEF7 /* middle_button.png */ = {isa = PBXFileReference; lastKnownFileType = image.png; path = middle_button.png; sourceTree = "<group>"; };
		8D9398C616AF8F420039AEF7 /* middle_button@2x.png */ = {isa = PBXFileReference; lastKnownFileType = image.png; path = "middle_button@2x.png"; sourceTree = "<group>"; };
		8D9398C716AF8F420039AEF7 /* star.png */ = {isa = PBXFileReference; lastKnownFileType = image.png; path = star.png; sourceTree = "<group>"; };
		8D9398E416AFA47A0039AEF7 /* icon_back.png */ = {isa = PBXFileReference; lastKnownFileType = image.png; path = icon_back.png; sourceTree = "<group>"; };
		8D9398E516AFA47A0039AEF7 /* icon_back@2x.png */ = {isa = PBXFileReference; lastKnownFileType = image.png; path = "icon_back@2x.png"; sourceTree = "<group>"; };
		8D97C38D16B7629A00FC6A9D /* MECustomTabBarController.h */ = {isa = PBXFileReference; fileEncoding = 4; lastKnownFileType = sourcecode.c.h; name = MECustomTabBarController.h; path = Controllers/MECustomTabBarController.h; sourceTree = "<group>"; };
		8D97C38E16B7629A00FC6A9D /* MECustomTabBarController.m */ = {isa = PBXFileReference; fileEncoding = 4; lastKnownFileType = sourcecode.c.objc; name = MECustomTabBarController.m; path = Controllers/MECustomTabBarController.m; sourceTree = "<group>"; };
		8D97C38F16B7629A00FC6A9D /* MEInfoViewController.h */ = {isa = PBXFileReference; fileEncoding = 4; lastKnownFileType = sourcecode.c.h; name = MEInfoViewController.h; path = Controllers/MEInfoViewController.h; sourceTree = "<group>"; };
		8D97C39016B7629B00FC6A9D /* MEInfoViewController.m */ = {isa = PBXFileReference; fileEncoding = 4; lastKnownFileType = sourcecode.c.objc; name = MEInfoViewController.m; path = Controllers/MEInfoViewController.m; sourceTree = "<group>"; };
		8D97C39116B7629B00FC6A9D /* MEStaffDetailsTableViewController.h */ = {isa = PBXFileReference; fileEncoding = 4; lastKnownFileType = sourcecode.c.h; name = MEStaffDetailsTableViewController.h; path = Controllers/MEStaffDetailsTableViewController.h; sourceTree = "<group>"; };
		8D97C39216B7629B00FC6A9D /* MEStaffDetailsTableViewController.m */ = {isa = PBXFileReference; fileEncoding = 4; lastKnownFileType = sourcecode.c.objc; name = MEStaffDetailsTableViewController.m; path = Controllers/MEStaffDetailsTableViewController.m; sourceTree = "<group>"; };
		8D97C39316B7629B00FC6A9D /* MEStaffTableViewController.h */ = {isa = PBXFileReference; fileEncoding = 4; lastKnownFileType = sourcecode.c.h; name = MEStaffTableViewController.h; path = Controllers/MEStaffTableViewController.h; sourceTree = "<group>"; };
		8D97C39416B7629B00FC6A9D /* MEStaffTableViewController.m */ = {isa = PBXFileReference; fileEncoding = 4; lastKnownFileType = sourcecode.c.objc; name = MEStaffTableViewController.m; path = Controllers/MEStaffTableViewController.m; sourceTree = "<group>"; };
		8D97C39C16B762B100FC6A9D /* MEAppAPIClient.h */ = {isa = PBXFileReference; fileEncoding = 4; lastKnownFileType = sourcecode.c.h; name = MEAppAPIClient.h; path = Models/MEAppAPIClient.h; sourceTree = "<group>"; };
		8D97C39D16B762B100FC6A9D /* MEAppAPIClient.m */ = {isa = PBXFileReference; fileEncoding = 4; lastKnownFileType = sourcecode.c.objc; name = MEAppAPIClient.m; path = Models/MEAppAPIClient.m; sourceTree = "<group>"; };
		8D97C3A016B762B100FC6A9D /* MEPerson.h */ = {isa = PBXFileReference; fileEncoding = 4; lastKnownFileType = sourcecode.c.h; name = MEPerson.h; path = Models/MEPerson.h; sourceTree = "<group>"; };
		8D97C3A116B762B100FC6A9D /* MEPerson.m */ = {isa = PBXFileReference; fileEncoding = 4; lastKnownFileType = sourcecode.c.objc; name = MEPerson.m; path = Models/MEPerson.m; sourceTree = "<group>"; };
		8D97C3A516B762CB00FC6A9D /* MECustomTabBarView.h */ = {isa = PBXFileReference; fileEncoding = 4; lastKnownFileType = sourcecode.c.h; name = MECustomTabBarView.h; path = Views/MECustomTabBarView.h; sourceTree = "<group>"; };
		8D97C3A616B762CB00FC6A9D /* MECustomTabBarView.m */ = {isa = PBXFileReference; fileEncoding = 4; lastKnownFileType = sourcecode.c.objc; name = MECustomTabBarView.m; path = Views/MECustomTabBarView.m; sourceTree = "<group>"; };
		8D97C3A716B762CB00FC6A9D /* MEStaffCustomViewCell.h */ = {isa = PBXFileReference; fileEncoding = 4; lastKnownFileType = sourcecode.c.h; name = MEStaffCustomViewCell.h; path = Views/MEStaffCustomViewCell.h; sourceTree = "<group>"; };
		8D97C3A816B762CB00FC6A9D /* MEStaffCustomViewCell.m */ = {isa = PBXFileReference; fileEncoding = 4; lastKnownFileType = sourcecode.c.objc; name = MEStaffCustomViewCell.m; path = Views/MEStaffCustomViewCell.m; sourceTree = "<group>"; };
		8D97C3A916B762CB00FC6A9D /* MEStaffDetailsCustomViewCell.h */ = {isa = PBXFileReference; fileEncoding = 4; lastKnownFileType = sourcecode.c.h; name = MEStaffDetailsCustomViewCell.h; path = Views/MEStaffDetailsCustomViewCell.h; sourceTree = "<group>"; };
		8D97C3AA16B762CB00FC6A9D /* MEStaffDetailsCustomViewCell.m */ = {isa = PBXFileReference; fileEncoding = 4; lastKnownFileType = sourcecode.c.objc; name = MEStaffDetailsCustomViewCell.m; path = Views/MEStaffDetailsCustomViewCell.m; sourceTree = "<group>"; };
		8D97C3E416B7802700FC6A9D /* Default-568h@2x.png */ = {isa = PBXFileReference; lastKnownFileType = image.png; path = "Default-568h@2x.png"; sourceTree = "<group>"; };
		8D97C3E516B7802700FC6A9D /* Default.png */ = {isa = PBXFileReference; lastKnownFileType = image.png; path = Default.png; sourceTree = "<group>"; };
		8D97C3E616B7802700FC6A9D /* Default@2x.png */ = {isa = PBXFileReference; lastKnownFileType = image.png; path = "Default@2x.png"; sourceTree = "<group>"; };
		8D97C3EE16B7A19500FC6A9D /* MECustomAnimation.h */ = {isa = PBXFileReference; fileEncoding = 4; lastKnownFileType = sourcecode.c.h; path = MECustomAnimation.h; sourceTree = "<group>"; };
		8D97C3EF16B7A19500FC6A9D /* MECustomAnimation.m */ = {isa = PBXFileReference; fileEncoding = 4; lastKnownFileType = sourcecode.c.objc; path = MECustomAnimation.m; sourceTree = "<group>"; };
		8D97C3F116B7C66000FC6A9D /* MEConstants.h */ = {isa = PBXFileReference; fileEncoding = 4; lastKnownFileType = sourcecode.c.h; path = MEConstants.h; sourceTree = "<group>"; };
		8D97C3F216B7C66000FC6A9D /* MEConstants.m */ = {isa = PBXFileReference; fileEncoding = 4; lastKnownFileType = sourcecode.c.objc; path = MEConstants.m; sourceTree = "<group>"; };
		8D994EA216B0F6330049E709 /* AddressBook.framework */ = {isa = PBXFileReference; lastKnownFileType = wrapper.framework; name = AddressBook.framework; path = System/Library/Frameworks/AddressBook.framework; sourceTree = SDKROOT; };
		8D994EA316B0F6330049E709 /* AddressBookUI.framework */ = {isa = PBXFileReference; lastKnownFileType = wrapper.framework; name = AddressBookUI.framework; path = System/Library/Frameworks/AddressBookUI.framework; sourceTree = SDKROOT; };
		8D994EA616B11E100049E709 /* MessageUI.framework */ = {isa = PBXFileReference; lastKnownFileType = wrapper.framework; name = MessageUI.framework; path = System/Library/Frameworks/MessageUI.framework; sourceTree = SDKROOT; };
		8D994EB416B147520049E709 /* ZHCustomSegue.h */ = {isa = PBXFileReference; fileEncoding = 4; lastKnownFileType = sourcecode.c.h; path = ZHCustomSegue.h; sourceTree = "<group>"; };
		8D994EB516B147520049E709 /* ZHCustomSegue.m */ = {isa = PBXFileReference; fileEncoding = 4; lastKnownFileType = sourcecode.c.objc; path = ZHCustomSegue.m; sourceTree = "<group>"; };
		8D9C2C5916AEA227008D9101 /* SVPullToRefresh.h */ = {isa = PBXFileReference; fileEncoding = 4; lastKnownFileType = sourcecode.c.h; name = SVPullToRefresh.h; path = SVPullToRefresh/SVPullToRefresh.h; sourceTree = "<group>"; };
		8D9C2C5A16AEA227008D9101 /* UIScrollView+SVInfiniteScrolling.h */ = {isa = PBXFileReference; fileEncoding = 4; lastKnownFileType = sourcecode.c.h; name = "UIScrollView+SVInfiniteScrolling.h"; path = "SVPullToRefresh/UIScrollView+SVInfiniteScrolling.h"; sourceTree = "<group>"; };
		8D9C2C5B16AEA227008D9101 /* UIScrollView+SVInfiniteScrolling.m */ = {isa = PBXFileReference; fileEncoding = 4; lastKnownFileType = sourcecode.c.objc; name = "UIScrollView+SVInfiniteScrolling.m"; path = "SVPullToRefresh/UIScrollView+SVInfiniteScrolling.m"; sourceTree = "<group>"; };
		8D9C2C5C16AEA227008D9101 /* UIScrollView+SVPullToRefresh.h */ = {isa = PBXFileReference; fileEncoding = 4; lastKnownFileType = sourcecode.c.h; name = "UIScrollView+SVPullToRefresh.h"; path = "SVPullToRefresh/UIScrollView+SVPullToRefresh.h"; sourceTree = "<group>"; };
		8D9C2C5D16AEA227008D9101 /* UIScrollView+SVPullToRefresh.m */ = {isa = PBXFileReference; fileEncoding = 4; lastKnownFileType = sourcecode.c.objc; name = "UIScrollView+SVPullToRefresh.m"; path = "SVPullToRefresh/UIScrollView+SVPullToRefresh.m"; sourceTree = "<group>"; };
		8D9C2C6016AEA361008D9101 /* QuartzCore.framework */ = {isa = PBXFileReference; lastKnownFileType = wrapper.framework; name = QuartzCore.framework; path = System/Library/Frameworks/QuartzCore.framework; sourceTree = SDKROOT; };
		8DA81DC116B6923D00A04062 /* MyriadPro-Regular.otf */ = {isa = PBXFileReference; lastKnownFileType = file; path = "MyriadPro-Regular.otf"; sourceTree = "<group>"; };
		8DB5C38116ACE7FD008D5E02 /* MiniEvalApp.app */ = {isa = PBXFileReference; explicitFileType = wrapper.application; includeInIndex = 0; path = MiniEvalApp.app; sourceTree = BUILT_PRODUCTS_DIR; };
		8DB5C38516ACE7FD008D5E02 /* UIKit.framework */ = {isa = PBXFileReference; lastKnownFileType = wrapper.framework; name = UIKit.framework; path = System/Library/Frameworks/UIKit.framework; sourceTree = SDKROOT; };
		8DB5C38716ACE7FD008D5E02 /* Foundation.framework */ = {isa = PBXFileReference; lastKnownFileType = wrapper.framework; name = Foundation.framework; path = System/Library/Frameworks/Foundation.framework; sourceTree = SDKROOT; };
		8DB5C38916ACE7FD008D5E02 /* CoreGraphics.framework */ = {isa = PBXFileReference; lastKnownFileType = wrapper.framework; name = CoreGraphics.framework; path = System/Library/Frameworks/CoreGraphics.framework; sourceTree = SDKROOT; };
		8DB5C38D16ACE7FD008D5E02 /* MiniEvalApp-Info.plist */ = {isa = PBXFileReference; lastKnownFileType = text.plist.xml; path = "MiniEvalApp-Info.plist"; sourceTree = "<group>"; };
		8DB5C38F16ACE7FD008D5E02 /* en */ = {isa = PBXFileReference; lastKnownFileType = text.plist.strings; name = en; path = en.lproj/InfoPlist.strings; sourceTree = "<group>"; };
		8DB5C39116ACE7FD008D5E02 /* main.m */ = {isa = PBXFileReference; lastKnownFileType = sourcecode.c.objc; path = main.m; sourceTree = "<group>"; };
		8DB5C39316ACE7FD008D5E02 /* MiniEvalApp-Prefix.pch */ = {isa = PBXFileReference; lastKnownFileType = sourcecode.c.h; path = "MiniEvalApp-Prefix.pch"; sourceTree = "<group>"; };
		8DB5C39416ACE7FD008D5E02 /* MEAppDelegate.h */ = {isa = PBXFileReference; lastKnownFileType = sourcecode.c.h; path = MEAppDelegate.h; sourceTree = "<group>"; };
		8DB5C39516ACE7FD008D5E02 /* MEAppDelegate.m */ = {isa = PBXFileReference; lastKnownFileType = sourcecode.c.objc; path = MEAppDelegate.m; sourceTree = "<group>"; };
		8DB5C39E16ACE7FD008D5E02 /* en */ = {isa = PBXFileReference; lastKnownFileType = file.storyboard; name = en; path = en.lproj/MainStoryboard_iPhone.storyboard; sourceTree = "<group>"; };
		8DB5C3A116ACE7FD008D5E02 /* en */ = {isa = PBXFileReference; lastKnownFileType = file.storyboard; name = en; path = en.lproj/MainStoryboard_iPad.storyboard; sourceTree = "<group>"; };
		8DB5C3BA16ACE8C0008D5E02 /* AFHTTPClient.h */ = {isa = PBXFileReference; fileEncoding = 4; lastKnownFileType = sourcecode.c.h; path = AFHTTPClient.h; sourceTree = "<group>"; };
		8DB5C3BB16ACE8C0008D5E02 /* AFHTTPClient.m */ = {isa = PBXFileReference; fileEncoding = 4; lastKnownFileType = sourcecode.c.objc; path = AFHTTPClient.m; sourceTree = "<group>"; };
		8DB5C3BC16ACE8C0008D5E02 /* AFHTTPRequestOperation.h */ = {isa = PBXFileReference; fileEncoding = 4; lastKnownFileType = sourcecode.c.h; path = AFHTTPRequestOperation.h; sourceTree = "<group>"; };
		8DB5C3BD16ACE8C0008D5E02 /* AFHTTPRequestOperation.m */ = {isa = PBXFileReference; fileEncoding = 4; lastKnownFileType = sourcecode.c.objc; path = AFHTTPRequestOperation.m; sourceTree = "<group>"; };
		8DB5C3BE16ACE8C0008D5E02 /* AFImageRequestOperation.h */ = {isa = PBXFileReference; fileEncoding = 4; lastKnownFileType = sourcecode.c.h; path = AFImageRequestOperation.h; sourceTree = "<group>"; };
		8DB5C3BF16ACE8C0008D5E02 /* AFImageRequestOperation.m */ = {isa = PBXFileReference; fileEncoding = 4; lastKnownFileType = sourcecode.c.objc; path = AFImageRequestOperation.m; sourceTree = "<group>"; };
		8DB5C3C016ACE8C0008D5E02 /* AFJSONRequestOperation.h */ = {isa = PBXFileReference; fileEncoding = 4; lastKnownFileType = sourcecode.c.h; path = AFJSONRequestOperation.h; sourceTree = "<group>"; };
		8DB5C3C116ACE8C0008D5E02 /* AFJSONRequestOperation.m */ = {isa = PBXFileReference; fileEncoding = 4; lastKnownFileType = sourcecode.c.objc; path = AFJSONRequestOperation.m; sourceTree = "<group>"; };
		8DB5C3C216ACE8C0008D5E02 /* AFNetworkActivityIndicatorManager.h */ = {isa = PBXFileReference; fileEncoding = 4; lastKnownFileType = sourcecode.c.h; path = AFNetworkActivityIndicatorManager.h; sourceTree = "<group>"; };
		8DB5C3C316ACE8C0008D5E02 /* AFNetworkActivityIndicatorManager.m */ = {isa = PBXFileReference; fileEncoding = 4; lastKnownFileType = sourcecode.c.objc; path = AFNetworkActivityIndicatorManager.m; sourceTree = "<group>"; };
		8DB5C3C416ACE8C0008D5E02 /* AFNetworking.h */ = {isa = PBXFileReference; fileEncoding = 4; lastKnownFileType = sourcecode.c.h; path = AFNetworking.h; sourceTree = "<group>"; };
		8DB5C3C516ACE8C0008D5E02 /* AFPropertyListRequestOperation.h */ = {isa = PBXFileReference; fileEncoding = 4; lastKnownFileType = sourcecode.c.h; path = AFPropertyListRequestOperation.h; sourceTree = "<group>"; };
		8DB5C3C616ACE8C0008D5E02 /* AFPropertyListRequestOperation.m */ = {isa = PBXFileReference; fileEncoding = 4; lastKnownFileType = sourcecode.c.objc; path = AFPropertyListRequestOperation.m; sourceTree = "<group>"; };
		8DB5C3C716ACE8C0008D5E02 /* AFURLConnectionOperation.h */ = {isa = PBXFileReference; fileEncoding = 4; lastKnownFileType = sourcecode.c.h; path = AFURLConnectionOperation.h; sourceTree = "<group>"; };
		8DB5C3C816ACE8C0008D5E02 /* AFURLConnectionOperation.m */ = {isa = PBXFileReference; fileEncoding = 4; lastKnownFileType = sourcecode.c.objc; path = AFURLConnectionOperation.m; sourceTree = "<group>"; };
		8DB5C3C916ACE8C0008D5E02 /* AFXMLRequestOperation.h */ = {isa = PBXFileReference; fileEncoding = 4; lastKnownFileType = sourcecode.c.h; path = AFXMLRequestOperation.h; sourceTree = "<group>"; };
		8DB5C3CA16ACE8C0008D5E02 /* AFXMLRequestOperation.m */ = {isa = PBXFileReference; fileEncoding = 4; lastKnownFileType = sourcecode.c.objc; path = AFXMLRequestOperation.m; sourceTree = "<group>"; };
		8DB5C3CB16ACE8C0008D5E02 /* UIImageView+AFNetworking.h */ = {isa = PBXFileReference; fileEncoding = 4; lastKnownFileType = sourcecode.c.h; path = "UIImageView+AFNetworking.h"; sourceTree = "<group>"; };
		8DB5C3CC16ACE8C0008D5E02 /* UIImageView+AFNetworking.m */ = {isa = PBXFileReference; fileEncoding = 4; lastKnownFileType = sourcecode.c.objc; path = "UIImageView+AFNetworking.m"; sourceTree = "<group>"; };
		8DCF7B0616B62E2800CAB040 /* ADLivelyTableView.h */ = {isa = PBXFileReference; fileEncoding = 4; lastKnownFileType = sourcecode.c.h; path = ADLivelyTableView.h; sourceTree = "<group>"; };
		8DCF7B0716B62E2800CAB040 /* ADLivelyTableView.m */ = {isa = PBXFileReference; fileEncoding = 4; lastKnownFileType = sourcecode.c.objc; path = ADLivelyTableView.m; sourceTree = "<group>"; };
/* End PBXFileReference section */

/* Begin PBXFrameworksBuildPhase section */
		8DB5C37E16ACE7FD008D5E02 /* Frameworks */ = {
			isa = PBXFrameworksBuildPhase;
			buildActionMask = 2147483647;
			files = (
				8D9C2C6116AEA361008D9101 /* QuartzCore.framework in Frameworks */,
				8D994EA716B11E100049E709 /* MessageUI.framework in Frameworks */,
				8D994EA416B0F6330049E709 /* AddressBook.framework in Frameworks */,
				8D994EA516B0F6330049E709 /* AddressBookUI.framework in Frameworks */,
				8DB5C38616ACE7FD008D5E02 /* UIKit.framework in Frameworks */,
				8DB5C38816ACE7FD008D5E02 /* Foundation.framework in Frameworks */,
				8DB5C38A16ACE7FD008D5E02 /* CoreGraphics.framework in Frameworks */,
			);
			runOnlyForDeploymentPostprocessing = 0;
		};
/* End PBXFrameworksBuildPhase section */

/* Begin PBXGroup section */
		8D4CC9BB16ACEDFE00DCB309 /* Controllers */ = {
			isa = PBXGroup;
			children = (
				8D97C38D16B7629A00FC6A9D /* MECustomTabBarController.h */,
				8D97C38E16B7629A00FC6A9D /* MECustomTabBarController.m */,
				8D97C38F16B7629A00FC6A9D /* MEInfoViewController.h */,
				8D97C39016B7629B00FC6A9D /* MEInfoViewController.m */,
				8D97C39116B7629B00FC6A9D /* MEStaffDetailsTableViewController.h */,
				8D97C39216B7629B00FC6A9D /* MEStaffDetailsTableViewController.m */,
				8D97C39316B7629B00FC6A9D /* MEStaffTableViewController.h */,
				8D97C39416B7629B00FC6A9D /* MEStaffTableViewController.m */,
			);
			name = Controllers;
			sourceTree = "<group>";
		};
		8D4CC9C016ACEE6A00DCB309 /* Models */ = {
			isa = PBXGroup;
			children = (
				8D97C39C16B762B100FC6A9D /* MEAppAPIClient.h */,
				8D97C39D16B762B100FC6A9D /* MEAppAPIClient.m */,
				8D97C3A016B762B100FC6A9D /* MEPerson.h */,
				8D97C3A116B762B100FC6A9D /* MEPerson.m */,
			);
			name = Models;
			sourceTree = "<group>";
		};
		8D4CC9C116ACEE7100DCB309 /* Views */ = {
			isa = PBXGroup;
			children = (
				8D97C3A516B762CB00FC6A9D /* MECustomTabBarView.h */,
				8D97C3A616B762CB00FC6A9D /* MECustomTabBarView.m */,
				8D97C3A716B762CB00FC6A9D /* MEStaffCustomViewCell.h */,
				8D97C3A816B762CB00FC6A9D /* MEStaffCustomViewCell.m */,
				8D97C3A916B762CB00FC6A9D /* MEStaffDetailsCustomViewCell.h */,
				8D97C3AA16B762CB00FC6A9D /* MEStaffDetailsCustomViewCell.m */,
			);
			name = Views;
			sourceTree = "<group>";
		};
		8D97C37E16B75CEA00FC6A9D /* Fonts */ = {
			isa = PBXGroup;
			children = (
				8DA81DC116B6923D00A04062 /* MyriadPro-Regular.otf */,
			);
			name = Fonts;
			sourceTree = "<group>";
		};
		8D97C38016B75D0700FC6A9D /* NIBs */ = {
			isa = PBXGroup;
			children = (
				8D07C1D816B223B900690C0C /* MECustomTabBar.xib */,
			);
			name = NIBs;
			sourceTree = "<group>";
		};
		8D9C2C4516AE82FF008D9101 /* Archive */ = {
			isa = PBXGroup;
			children = (
			);
			name = Archive;
			sourceTree = "<group>";
		};
		8D9C2C5816AEA20B008D9101 /* SVPullToRefresh */ = {
			isa = PBXGroup;
			children = (
				8D9C2C5916AEA227008D9101 /* SVPullToRefresh.h */,
				8D9C2C5A16AEA227008D9101 /* UIScrollView+SVInfiniteScrolling.h */,
				8D9C2C5B16AEA227008D9101 /* UIScrollView+SVInfiniteScrolling.m */,
				8D9C2C5C16AEA227008D9101 /* UIScrollView+SVPullToRefresh.h */,
				8D9C2C5D16AEA227008D9101 /* UIScrollView+SVPullToRefresh.m */,
			);
			name = SVPullToRefresh;
			sourceTree = "<group>";
		};
		8DB5C37616ACE7FD008D5E02 = {
			isa = PBXGroup;
			children = (
				8DB5C38B16ACE7FD008D5E02 /* MiniEvalApp */,
				8DB5C38416ACE7FD008D5E02 /* Frameworks */,
				8DB5C38216ACE7FD008D5E02 /* Products */,
			);
			sourceTree = "<group>";
		};
		8DB5C38216ACE7FD008D5E02 /* Products */ = {
			isa = PBXGroup;
			children = (
				8DB5C38116ACE7FD008D5E02 /* MiniEvalApp.app */,
			);
			name = Products;
			sourceTree = "<group>";
		};
		8DB5C38416ACE7FD008D5E02 /* Frameworks */ = {
			isa = PBXGroup;
			children = (
				8D994EA616B11E100049E709 /* MessageUI.framework */,
				8D994EA216B0F6330049E709 /* AddressBook.framework */,
				8D994EA316B0F6330049E709 /* AddressBookUI.framework */,
				8D9C2C6016AEA361008D9101 /* QuartzCore.framework */,
				8DB5C38516ACE7FD008D5E02 /* UIKit.framework */,
				8DB5C38716ACE7FD008D5E02 /* Foundation.framework */,
				8DB5C38916ACE7FD008D5E02 /* CoreGraphics.framework */,
			);
			name = Frameworks;
			sourceTree = "<group>";
		};
		8DB5C38B16ACE7FD008D5E02 /* MiniEvalApp */ = {
			isa = PBXGroup;
			children = (
				8D4CC9BB16ACEDFE00DCB309 /* Controllers */,
				8D4CC9C016ACEE6A00DCB309 /* Models */,
				8D4CC9C116ACEE7100DCB309 /* Views */,
				8DB5C3B816ACE8C0008D5E02 /* Vendors */,
				8DB5C39D16ACE7FD008D5E02 /* MainStoryboard_iPhone.storyboard */,
				8DB5C3A016ACE7FD008D5E02 /* MainStoryboard_iPad.storyboard */,
				8D97C38016B75D0700FC6A9D /* NIBs */,
				8DB5C38C16ACE7FD008D5E02 /* Supporting Files */,
				8D9C2C4516AE82FF008D9101 /* Archive */,
			);
			path = MiniEvalApp;
			sourceTree = "<group>";
		};
		8DB5C38C16ACE7FD008D5E02 /* Supporting Files */ = {
			isa = PBXGroup;
			children = (
				8D97C3F116B7C66000FC6A9D /* MEConstants.h */,
				8D97C3F216B7C66000FC6A9D /* MEConstants.m */,
				8DB5C3AE16ACE8C0008D5E02 /* Resources */,
				8DB5C39416ACE7FD008D5E02 /* MEAppDelegate.h */,
				8DB5C39516ACE7FD008D5E02 /* MEAppDelegate.m */,
				8DB5C38D16ACE7FD008D5E02 /* MiniEvalApp-Info.plist */,
				8DB5C38E16ACE7FD008D5E02 /* InfoPlist.strings */,
				8DB5C39116ACE7FD008D5E02 /* main.m */,
				8DB5C39316ACE7FD008D5E02 /* MiniEvalApp-Prefix.pch */,
			);
			name = "Supporting Files";
			sourceTree = "<group>";
		};
		8DB5C3AE16ACE8C0008D5E02 /* Resources */ = {
			isa = PBXGroup;
			children = (
				847F70A316BE3EC00015C5DA /* icon114x114.png */,
				847F70A116BE3EB90015C5DA /* icon57x57.png */,
				8D97C37E16B75CEA00FC6A9D /* Fonts */,
				8D97C3E416B7802700FC6A9D /* Default-568h@2x.png */,
				8D97C3E516B7802700FC6A9D /* Default.png */,
				8D97C3E616B7802700FC6A9D /* Default@2x.png */,
				8D9398E416AFA47A0039AEF7 /* icon_back.png */,
				8D9398E516AFA47A0039AEF7 /* icon_back@2x.png */,
				8D9398AF16AF8F420039AEF7 /* icon_add_contact.png */,
				8D9398B016AF8F420039AEF7 /* icon_add_contact@2x.png */,
				8D9398B116AF8F420039AEF7 /* icon_contacts_selected.png */,
				8D9398B216AF8F420039AEF7 /* icon_contacts_selected@2x.png */,
				8D9398B316AF8F420039AEF7 /* icon_contacts.png */,
				8D9398B416AF8F420039AEF7 /* icon_contacts@2x.png */,
				8D9398B516AF8F420039AEF7 /* icon_dislike.png */,
				8D9398B616AF8F420039AEF7 /* icon_dislike@2x.png */,
				8D9398B716AF8F420039AEF7 /* icon_email.png */,
				8D9398B816AF8F420039AEF7 /* icon_email@2x.png */,
				8D9398B916AF8F420039AEF7 /* icon_info_selected.png */,
				8D9398BA16AF8F420039AEF7 /* icon_info_selected@2x.png */,
				8D9398BB16AF8F420039AEF7 /* icon_info.png */,
				8D9398BC16AF8F420039AEF7 /* icon_info@2x.png */,
				8D9398BD16AF8F420039AEF7 /* icon_like.png */,
				8D9398BE16AF8F420039AEF7 /* icon_like@2x.png */,
				8D9398BF16AF8F420039AEF7 /* icon_profile.png */,
				8D9398C016AF8F420039AEF7 /* icon_profile@2x.png */,
				8D9398C116AF8F420039AEF7 /* icon_sms.png */,
				8D9398C216AF8F420039AEF7 /* icon_sms@2x.png */,
				8D9398C316AF8F420039AEF7 /* icon_star.png */,
				8D9398C416AF8F420039AEF7 /* icon_star@2x.png */,
				8D9398C516AF8F420039AEF7 /* middle_button.png */,
				8D9398C616AF8F420039AEF7 /* middle_button@2x.png */,
				8D9398C716AF8F420039AEF7 /* star.png */,
			);
			path = Resources;
			sourceTree = "<group>";
		};
		8DB5C3B816ACE8C0008D5E02 /* Vendors */ = {
			isa = PBXGroup;
			children = (
				8DCF7B0616B62E2800CAB040 /* ADLivelyTableView.h */,
				8DCF7B0716B62E2800CAB040 /* ADLivelyTableView.m */,
				8D07C1F816B264EF00690C0C /* KTNavigationBar.h */,
				8D07C1F916B264EF00690C0C /* KTNavigationBar.m */,
				8D994EB416B147520049E709 /* ZHCustomSegue.h */,
				8D994EB516B147520049E709 /* ZHCustomSegue.m */,
				8D97C3EE16B7A19500FC6A9D /* MECustomAnimation.h */,
				8D97C3EF16B7A19500FC6A9D /* MECustomAnimation.m */,
				8D9C2C5816AEA20B008D9101 /* SVPullToRefresh */,
				8DB5C3B916ACE8C0008D5E02 /* AFNetworking */,
			);
			path = Vendors;
			sourceTree = "<group>";
		};
		8DB5C3B916ACE8C0008D5E02 /* AFNetworking */ = {
			isa = PBXGroup;
			children = (
				8DB5C3BA16ACE8C0008D5E02 /* AFHTTPClient.h */,
				8DB5C3BB16ACE8C0008D5E02 /* AFHTTPClient.m */,
				8DB5C3BC16ACE8C0008D5E02 /* AFHTTPRequestOperation.h */,
				8DB5C3BD16ACE8C0008D5E02 /* AFHTTPRequestOperation.m */,
				8DB5C3BE16ACE8C0008D5E02 /* AFImageRequestOperation.h */,
				8DB5C3BF16ACE8C0008D5E02 /* AFImageRequestOperation.m */,
				8DB5C3C016ACE8C0008D5E02 /* AFJSONRequestOperation.h */,
				8DB5C3C116ACE8C0008D5E02 /* AFJSONRequestOperation.m */,
				8DB5C3C216ACE8C0008D5E02 /* AFNetworkActivityIndicatorManager.h */,
				8DB5C3C316ACE8C0008D5E02 /* AFNetworkActivityIndicatorManager.m */,
				8DB5C3C416ACE8C0008D5E02 /* AFNetworking.h */,
				8DB5C3C516ACE8C0008D5E02 /* AFPropertyListRequestOperation.h */,
				8DB5C3C616ACE8C0008D5E02 /* AFPropertyListRequestOperation.m */,
				8DB5C3C716ACE8C0008D5E02 /* AFURLConnectionOperation.h */,
				8DB5C3C816ACE8C0008D5E02 /* AFURLConnectionOperation.m */,
				8DB5C3C916ACE8C0008D5E02 /* AFXMLRequestOperation.h */,
				8DB5C3CA16ACE8C0008D5E02 /* AFXMLRequestOperation.m */,
				8DB5C3CB16ACE8C0008D5E02 /* UIImageView+AFNetworking.h */,
				8DB5C3CC16ACE8C0008D5E02 /* UIImageView+AFNetworking.m */,
			);
			path = AFNetworking;
			sourceTree = "<group>";
		};
/* End PBXGroup section */

/* Begin PBXNativeTarget section */
		8DB5C38016ACE7FD008D5E02 /* MiniEvalApp */ = {
			isa = PBXNativeTarget;
			buildConfigurationList = 8DB5C3A816ACE7FD008D5E02 /* Build configuration list for PBXNativeTarget "MiniEvalApp" */;
			buildPhases = (
				8DB5C37D16ACE7FD008D5E02 /* Sources */,
				8DB5C37E16ACE7FD008D5E02 /* Frameworks */,
				8DB5C37F16ACE7FD008D5E02 /* Resources */,
			);
			buildRules = (
			);
			dependencies = (
			);
			name = MiniEvalApp;
			productName = MiniEvalApp;
			productReference = 8DB5C38116ACE7FD008D5E02 /* MiniEvalApp.app */;
			productType = "com.apple.product-type.application";
		};
/* End PBXNativeTarget section */

/* Begin PBXProject section */
		8DB5C37816ACE7FD008D5E02 /* Project object */ = {
			isa = PBXProject;
			attributes = {
				CLASSPREFIX = ME;
				LastUpgradeCheck = 0450;
				ORGANIZATIONNAME = 2359media;
			};
			buildConfigurationList = 8DB5C37B16ACE7FD008D5E02 /* Build configuration list for PBXProject "MiniEvalApp" */;
			compatibilityVersion = "Xcode 3.2";
			developmentRegion = English;
			hasScannedForEncodings = 0;
			knownRegions = (
				en,
			);
			mainGroup = 8DB5C37616ACE7FD008D5E02;
			productRefGroup = 8DB5C38216ACE7FD008D5E02 /* Products */;
			projectDirPath = "";
			projectRoot = "";
			targets = (
				8DB5C38016ACE7FD008D5E02 /* MiniEvalApp */,
			);
		};
/* End PBXProject section */

/* Begin PBXResourcesBuildPhase section */
		8DB5C37F16ACE7FD008D5E02 /* Resources */ = {
			isa = PBXResourcesBuildPhase;
			buildActionMask = 2147483647;
			files = (
				8DB5C39016ACE7FD008D5E02 /* InfoPlist.strings in Resources */,
				8DB5C39F16ACE7FD008D5E02 /* MainStoryboard_iPhone.storyboard in Resources */,
				8DB5C3A216ACE7FD008D5E02 /* MainStoryboard_iPad.storyboard in Resources */,
				8D9398C816AF8F420039AEF7 /* icon_add_contact.png in Resources */,
				8D9398C916AF8F420039AEF7 /* icon_add_contact@2x.png in Resources */,
				8D9398CA16AF8F420039AEF7 /* icon_contacts_selected.png in Resources */,
				8D9398CB16AF8F420039AEF7 /* icon_contacts_selected@2x.png in Resources */,
				8D9398CC16AF8F420039AEF7 /* icon_contacts.png in Resources */,
				8D9398CD16AF8F420039AEF7 /* icon_contacts@2x.png in Resources */,
				8D9398CE16AF8F420039AEF7 /* icon_dislike.png in Resources */,
				8D9398CF16AF8F420039AEF7 /* icon_dislike@2x.png in Resources */,
				8D9398D016AF8F420039AEF7 /* icon_email.png in Resources */,
				8D9398D116AF8F420039AEF7 /* icon_email@2x.png in Resources */,
				8D9398D216AF8F420039AEF7 /* icon_info_selected.png in Resources */,
				8D9398D316AF8F420039AEF7 /* icon_info_selected@2x.png in Resources */,
				8D9398D416AF8F420039AEF7 /* icon_info.png in Resources */,
				8D9398D516AF8F420039AEF7 /* icon_info@2x.png in Resources */,
				8D9398D616AF8F420039AEF7 /* icon_like.png in Resources */,
				8D9398D716AF8F420039AEF7 /* icon_like@2x.png in Resources */,
				8D9398D816AF8F420039AEF7 /* icon_profile.png in Resources */,
				8D9398D916AF8F420039AEF7 /* icon_profile@2x.png in Resources */,
				8D9398DA16AF8F420039AEF7 /* icon_sms.png in Resources */,
				8D9398DB16AF8F420039AEF7 /* icon_sms@2x.png in Resources */,
				8D9398DC16AF8F420039AEF7 /* icon_star.png in Resources */,
				8D9398DD16AF8F420039AEF7 /* icon_star@2x.png in Resources */,
				8D9398DE16AF8F420039AEF7 /* middle_button.png in Resources */,
				8D9398DF16AF8F420039AEF7 /* middle_button@2x.png in Resources */,
				8D9398E016AF8F420039AEF7 /* star.png in Resources */,
				8D9398E616AFA47A0039AEF7 /* icon_back.png in Resources */,
				8D9398E716AFA47A0039AEF7 /* icon_back@2x.png in Resources */,
				8D07C1D916B223B900690C0C /* MECustomTabBar.xib in Resources */,
				8DA81DC216B6923D00A04062 /* MyriadPro-Regular.otf in Resources */,
				8D97C3E716B7802700FC6A9D /* Default-568h@2x.png in Resources */,
				8D97C3E816B7802700FC6A9D /* Default.png in Resources */,
				8D97C3E916B7802700FC6A9D /* Default@2x.png in Resources */,
				847F70A216BE3EB90015C5DA /* icon57x57.png in Resources */,
				847F70A416BE3EC00015C5DA /* icon114x114.png in Resources */,
			);
			runOnlyForDeploymentPostprocessing = 0;
		};
/* End PBXResourcesBuildPhase section */

/* Begin PBXSourcesBuildPhase section */
		8DB5C37D16ACE7FD008D5E02 /* Sources */ = {
			isa = PBXSourcesBuildPhase;
			buildActionMask = 2147483647;
			files = (
				8D97C3F816B7D3A600FC6A9D /* MEConstants.m in Sources */,
				8DB5C39216ACE7FD008D5E02 /* main.m in Sources */,
				8DB5C39616ACE7FD008D5E02 /* MEAppDelegate.m in Sources */,
				8DB5C3D816ACE8C0008D5E02 /* AFHTTPClient.m in Sources */,
				8DB5C3D916ACE8C0008D5E02 /* AFHTTPRequestOperation.m in Sources */,
				8DB5C3DA16ACE8C0008D5E02 /* AFImageRequestOperation.m in Sources */,
				8DB5C3DB16ACE8C0008D5E02 /* AFJSONRequestOperation.m in Sources */,
				8DB5C3DC16ACE8C0008D5E02 /* AFNetworkActivityIndicatorManager.m in Sources */,
				8DB5C3DD16ACE8C0008D5E02 /* AFPropertyListRequestOperation.m in Sources */,
				8DB5C3DE16ACE8C0008D5E02 /* AFURLConnectionOperation.m in Sources */,
				8DB5C3DF16ACE8C0008D5E02 /* AFXMLRequestOperation.m in Sources */,
				8DB5C3E016ACE8C0008D5E02 /* UIImageView+AFNetworking.m in Sources */,
				8D9C2C5E16AEA227008D9101 /* UIScrollView+SVInfiniteScrolling.m in Sources */,
				8D9C2C5F16AEA227008D9101 /* UIScrollView+SVPullToRefresh.m in Sources */,
				8D994EB616B147520049E709 /* ZHCustomSegue.m in Sources */,
				8D07C1FC16B264EF00690C0C /* KTNavigationBar.m in Sources */,
				8DCF7B0816B62E2800CAB040 /* ADLivelyTableView.m in Sources */,
				8D97C39716B7629B00FC6A9D /* MECustomTabBarController.m in Sources */,
				8D97C39816B7629B00FC6A9D /* MEInfoViewController.m in Sources */,
				8D97C39916B7629B00FC6A9D /* MEStaffDetailsTableViewController.m in Sources */,
				8D97C39A16B7629B00FC6A9D /* MEStaffTableViewController.m in Sources */,
				8D97C3A216B762B100FC6A9D /* MEAppAPIClient.m in Sources */,
				8D97C3A416B762B100FC6A9D /* MEPerson.m in Sources */,
				8D97C3AB16B762CB00FC6A9D /* MECustomTabBarView.m in Sources */,
				8D97C3AC16B762CB00FC6A9D /* MEStaffCustomViewCell.m in Sources */,
				8D97C3AD16B762CB00FC6A9D /* MEStaffDetailsCustomViewCell.m in Sources */,
				8D97C3F016B7A19500FC6A9D /* MECustomAnimation.m in Sources */,
			);
			runOnlyForDeploymentPostprocessing = 0;
		};
/* End PBXSourcesBuildPhase section */

/* Begin PBXVariantGroup section */
		8DB5C38E16ACE7FD008D5E02 /* InfoPlist.strings */ = {
			isa = PBXVariantGroup;
			children = (
				8DB5C38F16ACE7FD008D5E02 /* en */,
			);
			name = InfoPlist.strings;
			sourceTree = "<group>";
		};
		8DB5C39D16ACE7FD008D5E02 /* MainStoryboard_iPhone.storyboard */ = {
			isa = PBXVariantGroup;
			children = (
				8DB5C39E16ACE7FD008D5E02 /* en */,
			);
			name = MainStoryboard_iPhone.storyboard;
			sourceTree = "<group>";
		};
		8DB5C3A016ACE7FD008D5E02 /* MainStoryboard_iPad.storyboard */ = {
			isa = PBXVariantGroup;
			children = (
				8DB5C3A116ACE7FD008D5E02 /* en */,
			);
			name = MainStoryboard_iPad.storyboard;
			sourceTree = "<group>";
		};
/* End PBXVariantGroup section */

/* Begin XCBuildConfiguration section */
		8DB5C3A616ACE7FD008D5E02 /* Debug */ = {
			isa = XCBuildConfiguration;
			buildSettings = {
				ALWAYS_SEARCH_USER_PATHS = NO;
				CLANG_CXX_LANGUAGE_STANDARD = "gnu++0x";
				CLANG_CXX_LIBRARY = "libc++";
				CLANG_ENABLE_OBJC_ARC = YES;
				CLANG_WARN_EMPTY_BODY = YES;
				CLANG_WARN__DUPLICATE_METHOD_MATCH = YES;
				"CODE_SIGN_IDENTITY[sdk=iphoneos*]" = "iPhone Developer";
				COPY_PHASE_STRIP = NO;
				GCC_C_LANGUAGE_STANDARD = gnu99;
				GCC_DYNAMIC_NO_PIC = NO;
				GCC_OPTIMIZATION_LEVEL = 0;
				GCC_PREPROCESSOR_DEFINITIONS = (
					"DEBUG=1",
					"$(inherited)",
				);
				GCC_SYMBOLS_PRIVATE_EXTERN = NO;
				GCC_WARN_ABOUT_RETURN_TYPE = YES;
				GCC_WARN_UNINITIALIZED_AUTOS = YES;
				GCC_WARN_UNUSED_VARIABLE = YES;
				IPHONEOS_DEPLOYMENT_TARGET = 6.0;
				ONLY_ACTIVE_ARCH = YES;
				SDKROOT = iphoneos;
				TARGETED_DEVICE_FAMILY = "1,2";
			};
			name = Debug;
		};
		8DB5C3A716ACE7FD008D5E02 /* Release */ = {
			isa = XCBuildConfiguration;
			buildSettings = {
				ALWAYS_SEARCH_USER_PATHS = NO;
				CLANG_CXX_LANGUAGE_STANDARD = "gnu++0x";
				CLANG_CXX_LIBRARY = "libc++";
				CLANG_ENABLE_OBJC_ARC = YES;
				CLANG_WARN_EMPTY_BODY = YES;
				CLANG_WARN__DUPLICATE_METHOD_MATCH = YES;
				"CODE_SIGN_IDENTITY[sdk=iphoneos*]" = "iPhone Developer";
				COPY_PHASE_STRIP = YES;
				GCC_C_LANGUAGE_STANDARD = gnu99;
				GCC_WARN_ABOUT_RETURN_TYPE = YES;
				GCC_WARN_UNINITIALIZED_AUTOS = YES;
				GCC_WARN_UNUSED_VARIABLE = YES;
				IPHONEOS_DEPLOYMENT_TARGET = 6.0;
				OTHER_CFLAGS = "-DNS_BLOCK_ASSERTIONS=1";
				SDKROOT = iphoneos;
				TARGETED_DEVICE_FAMILY = "1,2";
				VALIDATE_PRODUCT = YES;
			};
			name = Release;
		};
		8DB5C3A916ACE7FD008D5E02 /* Debug */ = {
			isa = XCBuildConfiguration;
			buildSettings = {
				GCC_PRECOMPILE_PREFIX_HEADER = YES;
				GCC_PREFIX_HEADER = "MiniEvalApp/MiniEvalApp-Prefix.pch";
				INFOPLIST_FILE = "MiniEvalApp/MiniEvalApp-Info.plist";
				PRODUCT_NAME = "$(TARGET_NAME)";
				TARGETED_DEVICE_FAMILY = 1;
				WRAPPER_EXTENSION = app;
			};
			name = Debug;
		};
		8DB5C3AA16ACE7FD008D5E02 /* Release */ = {
			isa = XCBuildConfiguration;
			buildSettings = {
				CODE_SIGN_IDENTITY = "iPhone Distribution: 2359 Media Pte Ltd";
				"CODE_SIGN_IDENTITY[sdk=iphoneos*]" = "iPhone Distribution: 2359 Media Pte Ltd";
				GCC_PRECOMPILE_PREFIX_HEADER = YES;
				GCC_PREFIX_HEADER = "MiniEvalApp/MiniEvalApp-Prefix.pch";
				INFOPLIST_FILE = "MiniEvalApp/MiniEvalApp-Info.plist";
				PRODUCT_NAME = "$(TARGET_NAME)";
				PROVISIONING_PROFILE = "0A281EA1-0EEC-4EC5-A94A-2B984BFA99B3";
				"PROVISIONING_PROFILE[sdk=iphoneos*]" = "0A281EA1-0EEC-4EC5-A94A-2B984BFA99B3";
				TARGETED_DEVICE_FAMILY = 1;
				WRAPPER_EXTENSION = app;
			};
			name = Release;
		};
/* End XCBuildConfiguration section */

/* Begin XCConfigurationList section */
		8DB5C37B16ACE7FD008D5E02 /* Build configuration list for PBXProject "MiniEvalApp" */ = {
			isa = XCConfigurationList;
			buildConfigurations = (
				8DB5C3A616ACE7FD008D5E02 /* Debug */,
				8DB5C3A716ACE7FD008D5E02 /* Release */,
			);
			defaultConfigurationIsVisible = 0;
			defaultConfigurationName = Release;
		};
		8DB5C3A816ACE7FD008D5E02 /* Build configuration list for PBXNativeTarget "MiniEvalApp" */ = {
			isa = XCConfigurationList;
			buildConfigurations = (
				8DB5C3A916ACE7FD008D5E02 /* Debug */,
				8DB5C3AA16ACE7FD008D5E02 /* Release */,
			);
			defaultConfigurationIsVisible = 0;
			defaultConfigurationName = Release;
		};
/* End XCConfigurationList section */
	};
	rootObject = 8DB5C37816ACE7FD008D5E02 /* Project object */;
}
